
Microsoft Visual Studio Solution File, Format Version 12.00
# Visual Studio 2012
Project("{FAE04EC0-301F-11D3-BF4B-00C04F79EFBC}") = "Bluemix.Core", "Bluemix.Core\Bluemix.Core.csproj", "{88D07FBF-C8EA-4BA1-88E1-12DEA991C65C}"
EndProject
Project("{FAE04EC0-301F-11D3-BF4B-00C04F79EFBC}") = "Bluemix.Watson", "Bluemix.Watson\Bluemix.Watson.csproj", "{C2FF777C-6348-4D10-8B1C-80521DB6862E}"
EndProject
Project("{FAE04EC0-301F-11D3-BF4B-00C04F79EFBC}") = "Bluemix.Cloudant", "Bluemix.Cloudant\Bluemix.Cloudant.csproj", "{84E57936-9AF4-4207-9F1C-92EB63856371}"
EndProject
Project("{FAE04EC0-301F-11D3-BF4B-00C04F79EFBC}") = "Bluemix.Alchemy", "Bluemix.Alchemy\Bluemix.Alchemy.csproj", "{D11133DD-844F-4559-859B-144C1DBAB93B}"
EndProject
Project("{FAE04EC0-301F-11D3-BF4B-00C04F79EFBC}") = "Bluemix.Tests", "Bluemix.Tests\Bluemix.Tests.csproj", "{D888D2C4-0F9E-446B-A6E7-F5D252DD2FA2}"
EndProject
Global
	GlobalSection(SolutionConfigurationPlatforms) = preSolution
		Debug|Any CPU = Debug|Any CPU
		Release|Any CPU = Release|Any CPU
	EndGlobalSection
	GlobalSection(ProjectConfigurationPlatforms) = postSolution
		{84E57936-9AF4-4207-9F1C-92EB63856371}.Debug|Any CPU.ActiveCfg = Debug|Any CPU
		{84E57936-9AF4-4207-9F1C-92EB63856371}.Debug|Any CPU.Build.0 = Debug|Any CPU
		{84E57936-9AF4-4207-9F1C-92EB63856371}.Release|Any CPU.ActiveCfg = Release|Any CPU
		{84E57936-9AF4-4207-9F1C-92EB63856371}.Release|Any CPU.Build.0 = Release|Any CPU
		{88D07FBF-C8EA-4BA1-88E1-12DEA991C65C}.Debug|Any CPU.ActiveCfg = Debug|Any CPU
		{88D07FBF-C8EA-4BA1-88E1-12DEA991C65C}.Debug|Any CPU.Build.0 = Debug|Any CPU
		{88D07FBF-C8EA-4BA1-88E1-12DEA991C65C}.Release|Any CPU.ActiveCfg = Release|Any CPU
		{88D07FBF-C8EA-4BA1-88E1-12DEA991C65C}.Release|Any CPU.Build.0 = Release|Any CPU
		{C2FF777C-6348-4D10-8B1C-80521DB6862E}.Debug|Any CPU.ActiveCfg = Debug|Any CPU
		{C2FF777C-6348-4D10-8B1C-80521DB6862E}.Debug|Any CPU.Build.0 = Debug|Any CPU
		{C2FF777C-6348-4D10-8B1C-80521DB6862E}.Release|Any CPU.ActiveCfg = Release|Any CPU
		{C2FF777C-6348-4D10-8B1C-80521DB6862E}.Release|Any CPU.Build.0 = Release|Any CPU
		{D11133DD-844F-4559-859B-144C1DBAB93B}.Debug|Any CPU.ActiveCfg = Debug|Any CPU
		{D11133DD-844F-4559-859B-144C1DBAB93B}.Debug|Any CPU.Build.0 = Debug|Any CPU
		{D11133DD-844F-4559-859B-144C1DBAB93B}.Release|Any CPU.ActiveCfg = Release|Any CPU
		{D11133DD-844F-4559-859B-144C1DBAB93B}.Release|Any CPU.Build.0 = Release|Any CPU
		{D888D2C4-0F9E-446B-A6E7-F5D252DD2FA2}.Debug|Any CPU.ActiveCfg = Debug|Any CPU
		{D888D2C4-0F9E-446B-A6E7-F5D252DD2FA2}.Debug|Any CPU.Build.0 = Debug|Any CPU
		{D888D2C4-0F9E-446B-A6E7-F5D252DD2FA2}.Release|Any CPU.ActiveCfg = Release|Any CPU
		{D888D2C4-0F9E-446B-A6E7-F5D252DD2FA2}.Release|Any CPU.Build.0 = Release|Any CPU
	EndGlobalSection
EndGlobal
